// !$*UTF8*$!
{
	archiveVersion = 1;
	classes = {
	};
	objectVersion = 56;
	objects = {

/* Begin PBXBuildFile section */
		A56A13382BA4A2440014ACF3 /* Peram_s_Silver_SpoonsApp.swift in Sources */ = {isa = PBXBuildFile; fileRef = A56A13372BA4A2440014ACF3 /* Peram_s_Silver_SpoonsApp.swift */; };
		A56A133A2BA4A2440014ACF3 /* ContentView.swift in Sources */ = {isa = PBXBuildFile; fileRef = A56A13392BA4A2440014ACF3 /* ContentView.swift */; };
		A56A133C2BA4A2460014ACF3 /* Assets.xcassets in Resources */ = {isa = PBXBuildFile; fileRef = A56A133B2BA4A2460014ACF3 /* Assets.xcassets */; };
		A56A133F2BA4A2460014ACF3 /* Preview Assets.xcassets in Resources */ = {isa = PBXBuildFile; fileRef = A56A133E2BA4A2460014ACF3 /* Preview Assets.xcassets */; };
		A56A13482BA4A3F80014ACF3 /* IncomeModel.swift in Sources */ = {isa = PBXBuildFile; fileRef = A56A13472BA4A3F80014ACF3 /* IncomeModel.swift */; };
		A56A134A2BA4A4F60014ACF3 /* UtilityModel.swift in Sources */ = {isa = PBXBuildFile; fileRef = A56A13492BA4A4F60014ACF3 /* UtilityModel.swift */; };
		A56A134C2BA4A6720014ACF3 /* UtilityViewModel.swift in Sources */ = {isa = PBXBuildFile; fileRef = A56A134B2BA4A6720014ACF3 /* UtilityViewModel.swift */; };
		A56A134E2BA4A7F00014ACF3 /* ExpenseModel.swift in Sources */ = {isa = PBXBuildFile; fileRef = A56A134D2BA4A7F00014ACF3 /* ExpenseModel.swift */; };
		A56A13502BA4A9830014ACF3 /* FirstScreenView.swift in Sources */ = {isa = PBXBuildFile; fileRef = A56A134F2BA4A9830014ACF3 /* FirstScreenView.swift */; };
		A56A13542BA4B6B40014ACF3 /* IncomeView.swift in Sources */ = {isa = PBXBuildFile; fileRef = A56A13532BA4B6B40014ACF3 /* IncomeView.swift */; };
		A56A13562BA4BAA70014ACF3 /* IncomeListView.swift in Sources */ = {isa = PBXBuildFile; fileRef = A56A13552BA4BAA60014ACF3 /* IncomeListView.swift */; };
		A56A13582BA4D6C50014ACF3 /* ExpenseView.swift in Sources */ = {isa = PBXBuildFile; fileRef = A56A13572BA4D6C50014ACF3 /* ExpenseView.swift */; };
		A56A135A2BA4D6D50014ACF3 /* ExpenseListView.swift in Sources */ = {isa = PBXBuildFile; fileRef = A56A13592BA4D6D50014ACF3 /* ExpenseListView.swift */; };
		A56A135C2BA4D8600014ACF3 /* MenuModel.swift in Sources */ = {isa = PBXBuildFile; fileRef = A56A135B2BA4D8600014ACF3 /* MenuModel.swift */; };
		A56A135E2BA4D91F0014ACF3 /* MenuView.swift in Sources */ = {isa = PBXBuildFile; fileRef = A56A135D2BA4D91F0014ACF3 /* MenuView.swift */; };
		A56A13602BA4D92B0014ACF3 /* MenuListView.swift in Sources */ = {isa = PBXBuildFile; fileRef = A56A135F2BA4D92B0014ACF3 /* MenuListView.swift */; };
		A56A13642BA4DC4B0014ACF3 /* AddIncomeView.swift in Sources */ = {isa = PBXBuildFile; fileRef = A56A13632BA4DC4B0014ACF3 /* AddIncomeView.swift */; };
		A577512D2BA4F4AF007BDB08 /* AddExpenseView.swift in Sources */ = {isa = PBXBuildFile; fileRef = A577512C2BA4F4AF007BDB08 /* AddExpenseView.swift */; };
		A577512F2BA50606007BDB08 /* IncomeSummaryView.swift in Sources */ = {isa = PBXBuildFile; fileRef = A577512E2BA50606007BDB08 /* IncomeSummaryView.swift */; };
		A57751312BA51FA1007BDB08 /* ExpenseSummaryView.swift in Sources */ = {isa = PBXBuildFile; fileRef = A57751302BA51FA1007BDB08 /* ExpenseSummaryView.swift */; };
/* End PBXBuildFile section */

/* Begin PBXFileReference section */
		A56A13342BA4A2440014ACF3 /* Peram's Silver Spoons.app */ = {isa = PBXFileReference; explicitFileType = wrapper.application; includeInIndex = 0; path = "Peram's Silver Spoons.app"; sourceTree = BUILT_PRODUCTS_DIR; };
		A56A13372BA4A2440014ACF3 /* Peram_s_Silver_SpoonsApp.swift */ = {isa = PBXFileReference; lastKnownFileType = sourcecode.swift; path = Peram_s_Silver_SpoonsApp.swift; sourceTree = "<group>"; };
		A56A13392BA4A2440014ACF3 /* ContentView.swift */ = {isa = PBXFileReference; lastKnownFileType = sourcecode.swift; path = ContentView.swift; sourceTree = "<group>"; };
		A56A133B2BA4A2460014ACF3 /* Assets.xcassets */ = {isa = PBXFileReference; lastKnownFileType = folder.assetcatalog; path = Assets.xcassets; sourceTree = "<group>"; };
		A56A133E2BA4A2460014ACF3 /* Preview Assets.xcassets */ = {isa = PBXFileReference; lastKnownFileType = folder.assetcatalog; path = "Preview Assets.xcassets"; sourceTree = "<group>"; };
		A56A13472BA4A3F80014ACF3 /* IncomeModel.swift */ = {isa = PBXFileReference; lastKnownFileType = sourcecode.swift; path = IncomeModel.swift; sourceTree = "<group>"; };
		A56A13492BA4A4F60014ACF3 /* UtilityModel.swift */ = {isa = PBXFileReference; lastKnownFileType = sourcecode.swift; path = UtilityModel.swift; sourceTree = "<group>"; };
		A56A134B2BA4A6720014ACF3 /* UtilityViewModel.swift */ = {isa = PBXFileReference; lastKnownFileType = sourcecode.swift; path = UtilityViewModel.swift; sourceTree = "<group>"; };
		A56A134D2BA4A7F00014ACF3 /* ExpenseModel.swift */ = {isa = PBXFileReference; lastKnownFileType = sourcecode.swift; path = ExpenseModel.swift; sourceTree = "<group>"; };
		A56A134F2BA4A9830014ACF3 /* FirstScreenView.swift */ = {isa = PBXFileReference; lastKnownFileType = sourcecode.swift; path = FirstScreenView.swift; sourceTree = "<group>"; };
		A56A13532BA4B6B40014ACF3 /* IncomeView.swift */ = {isa = PBXFileReference; lastKnownFileType = sourcecode.swift; path = IncomeView.swift; sourceTree = "<group>"; };
		A56A13552BA4BAA60014ACF3 /* IncomeListView.swift */ = {isa = PBXFileReference; lastKnownFileType = sourcecode.swift; path = IncomeListView.swift; sourceTree = "<group>"; };
		A56A13572BA4D6C50014ACF3 /* ExpenseView.swift */ = {isa = PBXFileReference; lastKnownFileType = sourcecode.swift; path = ExpenseView.swift; sourceTree = "<group>"; };
		A56A13592BA4D6D50014ACF3 /* ExpenseListView.swift */ = {isa = PBXFileReference; lastKnownFileType = sourcecode.swift; path = ExpenseListView.swift; sourceTree = "<group>"; };
		A56A135B2BA4D8600014ACF3 /* MenuModel.swift */ = {isa = PBXFileReference; lastKnownFileType = sourcecode.swift; path = MenuModel.swift; sourceTree = "<group>"; };
		A56A135D2BA4D91F0014ACF3 /* MenuView.swift */ = {isa = PBXFileReference; lastKnownFileType = sourcecode.swift; path = MenuView.swift; sourceTree = "<group>"; };
		A56A135F2BA4D92B0014ACF3 /* MenuListView.swift */ = {isa = PBXFileReference; lastKnownFileType = sourcecode.swift; path = MenuListView.swift; sourceTree = "<group>"; };
		A56A13632BA4DC4B0014ACF3 /* AddIncomeView.swift */ = {isa = PBXFileReference; lastKnownFileType = sourcecode.swift; path = AddIncomeView.swift; sourceTree = "<group>"; };
		A577512C2BA4F4AF007BDB08 /* AddExpenseView.swift */ = {isa = PBXFileReference; lastKnownFileType = sourcecode.swift; path = AddExpenseView.swift; sourceTree = "<group>"; };
		A577512E2BA50606007BDB08 /* IncomeSummaryView.swift */ = {isa = PBXFileReference; lastKnownFileType = sourcecode.swift; path = IncomeSummaryView.swift; sourceTree = "<group>"; };
		A57751302BA51FA1007BDB08 /* ExpenseSummaryView.swift */ = {isa = PBXFileReference; lastKnownFileType = sourcecode.swift; path = ExpenseSummaryView.swift; sourceTree = "<group>"; };
/* End PBXFileReference section */

/* Begin PBXFrameworksBuildPhase section */
		A56A13312BA4A2440014ACF3 /* Frameworks */ = {
			isa = PBXFrameworksBuildPhase;
			buildActionMask = 2147483647;
			files = (
			);
			runOnlyForDeploymentPostprocessing = 0;
		};
/* End PBXFrameworksBuildPhase section */

/* Begin PBXGroup section */
		A56A132B2BA4A2440014ACF3 = {
			isa = PBXGroup;
			children = (
				A56A13362BA4A2440014ACF3 /* Peram's Silver Spoons */,
				A56A13352BA4A2440014ACF3 /* Products */,
			);
			sourceTree = "<group>";
		};
		A56A13352BA4A2440014ACF3 /* Products */ = {
			isa = PBXGroup;
			children = (
				A56A13342BA4A2440014ACF3 /* Peram's Silver Spoons.app */,
			);
			name = Products;
			sourceTree = "<group>";
		};
		A56A13362BA4A2440014ACF3 /* Peram's Silver Spoons */ = {
			isa = PBXGroup;
			children = (
				A56A13372BA4A2440014ACF3 /* Peram_s_Silver_SpoonsApp.swift */,
				A56A13452BA4A3760014ACF3 /* Models */,
				A56A13462BA4A37D0014ACF3 /* Views */,
				A56A133B2BA4A2460014ACF3 /* Assets.xcassets */,
				A56A133D2BA4A2460014ACF3 /* Preview Content */,
			);
			path = "Peram's Silver Spoons";
			sourceTree = "<group>";
		};
		A56A133D2BA4A2460014ACF3 /* Preview Content */ = {
			isa = PBXGroup;
			children = (
				A56A133E2BA4A2460014ACF3 /* Preview Assets.xcassets */,
			);
			path = "Preview Content";
			sourceTree = "<group>";
		};
		A56A13452BA4A3760014ACF3 /* Models */ = {
			isa = PBXGroup;
			children = (
				A56A13472BA4A3F80014ACF3 /* IncomeModel.swift */,
				A56A134D2BA4A7F00014ACF3 /* ExpenseModel.swift */,
				A56A135B2BA4D8600014ACF3 /* MenuModel.swift */,
				A56A13492BA4A4F60014ACF3 /* UtilityModel.swift */,
				A56A134B2BA4A6720014ACF3 /* UtilityViewModel.swift */,
			);
			path = Models;
			sourceTree = "<group>";
		};
		A56A13462BA4A37D0014ACF3 /* Views */ = {
			isa = PBXGroup;
			children = (
				A56A13392BA4A2440014ACF3 /* ContentView.swift */,
				A56A134F2BA4A9830014ACF3 /* FirstScreenView.swift */,
				A56A13532BA4B6B40014ACF3 /* IncomeView.swift */,
				A56A13552BA4BAA60014ACF3 /* IncomeListView.swift */,
				A56A13632BA4DC4B0014ACF3 /* AddIncomeView.swift */,
				A577512E2BA50606007BDB08 /* IncomeSummaryView.swift */,
				A56A13572BA4D6C50014ACF3 /* ExpenseView.swift */,
				A56A13592BA4D6D50014ACF3 /* ExpenseListView.swift */,
				A577512C2BA4F4AF007BDB08 /* AddExpenseView.swift */,
				A57751302BA51FA1007BDB08 /* ExpenseSummaryView.swift */,
				A56A135D2BA4D91F0014ACF3 /* MenuView.swift */,
				A56A135F2BA4D92B0014ACF3 /* MenuListView.swift */,
			);
			path = Views;
			sourceTree = "<group>";
		};
/* End PBXGroup section */

/* Begin PBXNativeTarget section */
		A56A13332BA4A2440014ACF3 /* Peram's Silver Spoons */ = {
			isa = PBXNativeTarget;
			buildConfigurationList = A56A13422BA4A2460014ACF3 /* Build configuration list for PBXNativeTarget "Peram's Silver Spoons" */;
			buildPhases = (
				A56A13302BA4A2440014ACF3 /* Sources */,
				A56A13312BA4A2440014ACF3 /* Frameworks */,
				A56A13322BA4A2440014ACF3 /* Resources */,
			);
			buildRules = (
			);
			dependencies = (
			);
			name = "Peram's Silver Spoons";
			productName = "Peram's Silver Spoons";
			productReference = A56A13342BA4A2440014ACF3 /* Peram's Silver Spoons.app */;
			productType = "com.apple.product-type.application";
		};
/* End PBXNativeTarget section */

/* Begin PBXProject section */
		A56A132C2BA4A2440014ACF3 /* Project object */ = {
			isa = PBXProject;
			attributes = {
				BuildIndependentTargetsInParallel = 1;
				LastSwiftUpdateCheck = 1530;
				LastUpgradeCheck = 1530;
				TargetAttributes = {
					A56A13332BA4A2440014ACF3 = {
						CreatedOnToolsVersion = 15.3;
					};
				};
			};
			buildConfigurationList = A56A132F2BA4A2440014ACF3 /* Build configuration list for PBXProject "Peram's Silver Spoons" */;
			compatibilityVersion = "Xcode 14.0";
			developmentRegion = en;
			hasScannedForEncodings = 0;
			knownRegions = (
				en,
				Base,
			);
			mainGroup = A56A132B2BA4A2440014ACF3;
			productRefGroup = A56A13352BA4A2440014ACF3 /* Products */;
			projectDirPath = "";
			projectRoot = "";
			targets = (
				A56A13332BA4A2440014ACF3 /* Peram's Silver Spoons */,
			);
		};
/* End PBXProject section */

/* Begin PBXResourcesBuildPhase section */
		A56A13322BA4A2440014ACF3 /* Resources */ = {
			isa = PBXResourcesBuildPhase;
			buildActionMask = 2147483647;
			files = (
				A56A133F2BA4A2460014ACF3 /* Preview Assets.xcassets in Resources */,
				A56A133C2BA4A2460014ACF3 /* Assets.xcassets in Resources */,
			);
			runOnlyForDeploymentPostprocessing = 0;
		};
/* End PBXResourcesBuildPhase section */

/* Begin PBXSourcesBuildPhase section */
		A56A13302BA4A2440014ACF3 /* Sources */ = {
			isa = PBXSourcesBuildPhase;
			buildActionMask = 2147483647;
			files = (
				A56A13642BA4DC4B0014ACF3 /* AddIncomeView.swift in Sources */,
				A56A13562BA4BAA70014ACF3 /* IncomeListView.swift in Sources */,
				A56A13602BA4D92B0014ACF3 /* MenuListView.swift in Sources */,
				A56A13502BA4A9830014ACF3 /* FirstScreenView.swift in Sources */,
				A56A13542BA4B6B40014ACF3 /* IncomeView.swift in Sources */,
				A56A135A2BA4D6D50014ACF3 /* ExpenseListView.swift in Sources */,
				A56A134E2BA4A7F00014ACF3 /* ExpenseModel.swift in Sources */,
				A56A13482BA4A3F80014ACF3 /* IncomeModel.swift in Sources */,
				A56A13582BA4D6C50014ACF3 /* ExpenseView.swift in Sources */,
				A56A135E2BA4D91F0014ACF3 /* MenuView.swift in Sources */,
				A56A133A2BA4A2440014ACF3 /* ContentView.swift in Sources */,
				A577512D2BA4F4AF007BDB08 /* AddExpenseView.swift in Sources */,
				A56A135C2BA4D8600014ACF3 /* MenuModel.swift in Sources */,
				A56A134A2BA4A4F60014ACF3 /* UtilityModel.swift in Sources */,
				A56A134C2BA4A6720014ACF3 /* UtilityViewModel.swift in Sources */,
				A577512F2BA50606007BDB08 /* IncomeSummaryView.swift in Sources */,
				A57751312BA51FA1007BDB08 /* ExpenseSummaryView.swift in Sources */,
				A56A13382BA4A2440014ACF3 /* Peram_s_Silver_SpoonsApp.swift in Sources */,
			);
			runOnlyForDeploymentPostprocessing = 0;
		};
/* End PBXSourcesBuildPhase section */

/* Begin XCBuildConfiguration section */
		A56A13402BA4A2460014ACF3 /* Debug */ = {
			isa = XCBuildConfiguration;
			buildSettings = {
				ALWAYS_SEARCH_USER_PATHS = NO;
				ASSETCATALOG_COMPILER_GENERATE_SWIFT_ASSET_SYMBOL_EXTENSIONS = YES;
				CLANG_ANALYZER_NONNULL = YES;
				CLANG_ANALYZER_NUMBER_OBJECT_CONVERSION = YES_AGGRESSIVE;
				CLANG_CXX_LANGUAGE_STANDARD = "gnu++20";
				CLANG_ENABLE_MODULES = YES;
				CLANG_ENABLE_OBJC_ARC = YES;
				CLANG_ENABLE_OBJC_WEAK = YES;
				CLANG_WARN_BLOCK_CAPTURE_AUTORELEASING = YES;
				CLANG_WARN_BOOL_CONVERSION = YES;
				CLANG_WARN_COMMA = YES;
				CLANG_WARN_CONSTANT_CONVERSION = YES;
				CLANG_WARN_DEPRECATED_OBJC_IMPLEMENTATIONS = YES;
				CLANG_WARN_DIRECT_OBJC_ISA_USAGE = YES_ERROR;
				CLANG_WARN_DOCUMENTATION_COMMENTS = YES;
				CLANG_WARN_EMPTY_BODY = YES;
				CLANG_WARN_ENUM_CONVERSION = YES;
				CLANG_WARN_INFINITE_RECURSION = YES;
				CLANG_WARN_INT_CONVERSION = YES;
				CLANG_WARN_NON_LITERAL_NULL_CONVERSION = YES;
				CLANG_WARN_OBJC_IMPLICIT_RETAIN_SELF = YES;
				CLANG_WARN_OBJC_LITERAL_CONVERSION = YES;
				CLANG_WARN_OBJC_ROOT_CLASS = YES_ERROR;
				CLANG_WARN_QUOTED_INCLUDE_IN_FRAMEWORK_HEADER = YES;
				CLANG_WARN_RANGE_LOOP_ANALYSIS = YES;
				CLANG_WARN_STRICT_PROTOTYPES = YES;
				CLANG_WARN_SUSPICIOUS_MOVE = YES;
				CLANG_WARN_UNGUARDED_AVAILABILITY = YES_AGGRESSIVE;
				CLANG_WARN_UNREACHABLE_CODE = YES;
				CLANG_WARN__DUPLICATE_METHOD_MATCH = YES;
				COPY_PHASE_STRIP = NO;
				DEBUG_INFORMATION_FORMAT = dwarf;
				ENABLE_STRICT_OBJC_MSGSEND = YES;
				ENABLE_TESTABILITY = YES;
				ENABLE_USER_SCRIPT_SANDBOXING = YES;
				GCC_C_LANGUAGE_STANDARD = gnu17;
				GCC_DYNAMIC_NO_PIC = NO;
				GCC_NO_COMMON_BLOCKS = YES;
				GCC_OPTIMIZATION_LEVEL = 0;
				GCC_PREPROCESSOR_DEFINITIONS = (
					"DEBUG=1",
					"$(inherited)",
				);
				GCC_WARN_64_TO_32_BIT_CONVERSION = YES;
				GCC_WARN_ABOUT_RETURN_TYPE = YES_ERROR;
				GCC_WARN_UNDECLARED_SELECTOR = YES;
				GCC_WARN_UNINITIALIZED_AUTOS = YES_AGGRESSIVE;
				GCC_WARN_UNUSED_FUNCTION = YES;
				GCC_WARN_UNUSED_VARIABLE = YES;
				IPHONEOS_DEPLOYMENT_TARGET = 17.4;
				LOCALIZATION_PREFERS_STRING_CATALOGS = YES;
				MTL_ENABLE_DEBUG_INFO = INCLUDE_SOURCE;
				MTL_FAST_MATH = YES;
				ONLY_ACTIVE_ARCH = YES;
				SDKROOT = iphoneos;
				SWIFT_ACTIVE_COMPILATION_CONDITIONS = "DEBUG $(inherited)";
				SWIFT_OPTIMIZATION_LEVEL = "-Onone";
			};
			name = Debug;
		};
		A56A13412BA4A2460014ACF3 /* Release */ = {
			isa = XCBuildConfiguration;
			buildSettings = {
				ALWAYS_SEARCH_USER_PATHS = NO;
				ASSETCATALOG_COMPILER_GENERATE_SWIFT_ASSET_SYMBOL_EXTENSIONS = YES;
				CLANG_ANALYZER_NONNULL = YES;
				CLANG_ANALYZER_NUMBER_OBJECT_CONVERSION = YES_AGGRESSIVE;
				CLANG_CXX_LANGUAGE_STANDARD = "gnu++20";
				CLANG_ENABLE_MODULES = YES;
				CLANG_ENABLE_OBJC_ARC = YES;
				CLANG_ENABLE_OBJC_WEAK = YES;
				CLANG_WARN_BLOCK_CAPTURE_AUTORELEASING = YES;
				CLANG_WARN_BOOL_CONVERSION = YES;
				CLANG_WARN_COMMA = YES;
				CLANG_WARN_CONSTANT_CONVERSION = YES;
				CLANG_WARN_DEPRECATED_OBJC_IMPLEMENTATIONS = YES;
				CLANG_WARN_DIRECT_OBJC_ISA_USAGE = YES_ERROR;
				CLANG_WARN_DOCUMENTATION_COMMENTS = YES;
				CLANG_WARN_EMPTY_BODY = YES;
				CLANG_WARN_ENUM_CONVERSION = YES;
				CLANG_WARN_INFINITE_RECURSION = YES;
				CLANG_WARN_INT_CONVERSION = YES;
				CLANG_WARN_NON_LITERAL_NULL_CONVERSION = YES;
				CLANG_WARN_OBJC_IMPLICIT_RETAIN_SELF = YES;
				CLANG_WARN_OBJC_LITERAL_CONVERSION = YES;
				CLANG_WARN_OBJC_ROOT_CLASS = YES_ERROR;
				CLANG_WARN_QUOTED_INCLUDE_IN_FRAMEWORK_HEADER = YES;
				CLANG_WARN_RANGE_LOOP_ANALYSIS = YES;
				CLANG_WARN_STRICT_PROTOTYPES = YES;
				CLANG_WARN_SUSPICIOUS_MOVE = YES;
				CLANG_WARN_UNGUARDED_AVAILABILITY = YES_AGGRESSIVE;
				CLANG_WARN_UNREACHABLE_CODE = YES;
				CLANG_WARN__DUPLICATE_METHOD_MATCH = YES;
				COPY_PHASE_STRIP = NO;
				DEBUG_INFORMATION_FORMAT = "dwarf-with-dsym";
				ENABLE_NS_ASSERTIONS = NO;
				ENABLE_STRICT_OBJC_MSGSEND = YES;
				ENABLE_USER_SCRIPT_SANDBOXING = YES;
				GCC_C_LANGUAGE_STANDARD = gnu17;
				GCC_NO_COMMON_BLOCKS = YES;
				GCC_WARN_64_TO_32_BIT_CONVERSION = YES;
				GCC_WARN_ABOUT_RETURN_TYPE = YES_ERROR;
				GCC_WARN_UNDECLARED_SELECTOR = YES;
				GCC_WARN_UNINITIALIZED_AUTOS = YES_AGGRESSIVE;
				GCC_WARN_UNUSED_FUNCTION = YES;
				GCC_WARN_UNUSED_VARIABLE = YES;
				IPHONEOS_DEPLOYMENT_TARGET = 17.4;
				LOCALIZATION_PREFERS_STRING_CATALOGS = YES;
				MTL_ENABLE_DEBUG_INFO = NO;
				MTL_FAST_MATH = YES;
				SDKROOT = iphoneos;
				SWIFT_COMPILATION_MODE = wholemodule;
				VALIDATE_PRODUCT = YES;
			};
			name = Release;
		};
		A56A13432BA4A2460014ACF3 /* Debug */ = {
			isa = XCBuildConfiguration;
			buildSettings = {
				ASSETCATALOG_COMPILER_APPICON_NAME = AppIcon;
				ASSETCATALOG_COMPILER_GLOBAL_ACCENT_COLOR_NAME = AccentColor;
				CODE_SIGN_STYLE = Automatic;
				CURRENT_PROJECT_VERSION = 1;
				DEVELOPMENT_ASSET_PATHS = "\"Peram's Silver Spoons/Preview Content\"";
				ENABLE_PREVIEWS = YES;
				GENERATE_INFOPLIST_FILE = YES;
				INFOPLIST_KEY_UIApplicationSceneManifest_Generation = YES;
				INFOPLIST_KEY_UIApplicationSupportsIndirectInputEvents = YES;
				INFOPLIST_KEY_UILaunchScreen_Generation = YES;
				INFOPLIST_KEY_UISupportedInterfaceOrientations_iPad = "UIInterfaceOrientationPortrait UIInterfaceOrientationPortraitUpsideDown UIInterfaceOrientationLandscapeLeft UIInterfaceOrientationLandscapeRight";
				INFOPLIST_KEY_UISupportedInterfaceOrientations_iPhone = "UIInterfaceOrientationPortrait UIInterfaceOrientationLandscapeLeft UIInterfaceOrientationLandscapeRight";
				LD_RUNPATH_SEARCH_PATHS = (
					"$(inherited)",
					"@executable_path/Frameworks",
				);
				MARKETING_VERSION = 1.0;
				PRODUCT_BUNDLE_IDENTIFIER = "edu.okstate.Peram-s-Silver-Spoons";
				PRODUCT_NAME = "$(TARGET_NAME)";
				SWIFT_EMIT_LOC_STRINGS = YES;
				SWIFT_VERSION = 5.0;
				TARGETED_DEVICE_FAMILY = "1,2";
			};
			name = Debug;
		};
		A56A13442BA4A2460014ACF3 /* Release */ = {
			isa = XCBuildConfiguration;
			buildSettings = {
				ASSETCATALOG_COMPILER_APPICON_NAME = AppIcon;
				ASSETCATALOG_COMPILER_GLOBAL_ACCENT_COLOR_NAME = AccentColor;
				CODE_SIGN_STYLE = Automatic;
				CURRENT_PROJECT_VERSION = 1;
				DEVELOPMENT_ASSET_PATHS = "\"Peram's Silver Spoons/Preview Content\"";
				ENABLE_PREVIEWS = YES;
				GENERATE_INFOPLIST_FILE = YES;
				INFOPLIST_KEY_UIApplicationSceneManifest_Generation = YES;
				INFOPLIST_KEY_UIApplicationSupportsIndirectInputEvents = YES;
				INFOPLIST_KEY_UILaunchScreen_Generation = YES;
				INFOPLIST_KEY_UISupportedInterfaceOrientations_iPad = "UIInterfaceOrientationPortrait UIInterfaceOrientationPortraitUpsideDown UIInterfaceOrientationLandscapeLeft UIInterfaceOrientationLandscapeRight";
				INFOPLIST_KEY_UISupportedInterfaceOrientations_iPhone = "UIInterfaceOrientationPortrait UIInterfaceOrientationLandscapeLeft UIInterfaceOrientationLandscapeRight";
				LD_RUNPATH_SEARCH_PATHS = (
					"$(inherited)",
					"@executable_path/Frameworks",
				);
				MARKETING_VERSION = 1.0;
				PRODUCT_BUNDLE_IDENTIFIER = "edu.okstate.Peram-s-Silver-Spoons";
				PRODUCT_NAME = "$(TARGET_NAME)";
				SWIFT_EMIT_LOC_STRINGS = YES;
				SWIFT_VERSION = 5.0;
				TARGETED_DEVICE_FAMILY = "1,2";
			};
			name = Release;
		};
/* End XCBuildConfiguration section */

/* Begin XCConfigurationList section */
		A56A132F2BA4A2440014ACF3 /* Build configuration list for PBXProject "Peram's Silver Spoons" */ = {
			isa = XCConfigurationList;
			buildConfigurations = (
				A56A13402BA4A2460014ACF3 /* Debug */,
				A56A13412BA4A2460014ACF3 /* Release */,
			);
			defaultConfigurationIsVisible = 0;
			defaultConfigurationName = Release;
		};
		A56A13422BA4A2460014ACF3 /* Build configuration list for PBXNativeTarget "Peram's Silver Spoons" */ = {
			isa = XCConfigurationList;
			buildConfigurations = (
				A56A13432BA4A2460014ACF3 /* Debug */,
				A56A13442BA4A2460014ACF3 /* Release */,
			);
			defaultConfigurationIsVisible = 0;
			defaultConfigurationName = Release;
		};
/* End XCConfigurationList section */
	};
	rootObject = A56A132C2BA4A2440014ACF3 /* Project object */;
}
